<Solution>
  <!-- Library + tests + packaging only: builds with the bare .NET SDK (what CI uses).
       Samples live in samples/LiteLMSharp.Samples.slnx (the MAUI one needs MAUI workloads). -->
  <Project Path="LiteLMSharp/LiteLMSharp.csproj" />
  <Project Path="LiteLMSharp.Tests/LiteLMSharp.Tests.csproj" />
  <Project Path="packaging/LiteLMSharp.runtime.win-x64/LiteLMSharp.runtime.win-x64.csproj" />
  <Project Path="packaging/LiteLMSharp.runtime.linux-x64/LiteLMSharp.runtime.linux-x64.csproj" />
  <Project Path="packaging/LiteLMSharp.runtime.android-arm64/LiteLMSharp.runtime.android-arm64.csproj" />
  <Project Path="packaging/LiteLMSharp.runtime.osx-arm64/LiteLMSharp.runtime.osx-arm64.csproj" />
</Solution>
